{
    "version": 3,
    "terraform_version": "0.11.8",
    "serial": 3,
    "lineage": "e23d1b08-6aae-d6ff-fa56-3d963f3d1190",
    "modules": [
        {
            "path": [
                "root"
            ],
            "outputs": {},
            "resources": {
                "data.credstash_secret.cache_token": {
                    "type": "credstash_secret",
                    "depends_on": [],
                    "primary": {
                        "id": "3a3658cc93a57c65b73a0908450cbfd15ac030a49dc8b2f59c6c8e02051d1209",
                        "attributes": {
                            "id": "3a3658cc93a57c65b73a0908450cbfd15ac030a49dc8b2f59c6c8e02051d1209",
                            "name": "cache_token",
                            "value": "P0pc0rn123P0pc0rn123"
                        },
                        "meta": {},
                        "tainted": false
                    },
                    "deposed": [],
                    "provider": "provider.credstash"
                },
                "data.terraform_remote_state.vpc": {
                    "type": "terraform_remote_state",
                    "depends_on": [],
                    "primary": {
                        "id": "2018-10-11 23:07:12.857825235 +0000 UTC",
                        "attributes": {
                            "app_sg.#": "1",
                            "app_sg.0": "sg-0ccf3d3ae58179be7",
                            "app_subnet_ips.#": "4",
                            "app_subnet_ips.0": "10.10.10.0/24",
                            "app_subnet_ips.1": "10.10.11.0/24",
                            "app_subnet_ips.2": "10.10.12.0/24",
                            "app_subnet_ips.3": "10.10.13.0/24",
                            "app_subnets.#": "4",
                            "app_subnets.0": "subnet-01e52571f5dff1edb",
                            "app_subnets.1": "subnet-0335c13498dca661b",
                            "app_subnets.2": "subnet-038a0167587cc370d",
                            "app_subnets.3": "subnet-0ba46cc5662fea029",
                            "backend": "s3",
                            "config.%": "3",
                            "config.bucket": "my-terraform-dev",
                            "config.key": "vpc/terraform.tfstate",
                            "config.region": "us-east-1",
                            "data_sg.#": "1",
                            "data_sg.0": "sg-0809c44c9eba6a34f",
                            "data_subnet_ips.#": "4",
                            "data_subnet_ips.0": "10.10.20.0/24",
                            "data_subnet_ips.1": "10.10.21.0/24",
                            "data_subnet_ips.2": "10.10.22.0/24",
                            "data_subnet_ips.3": "10.10.23.0/24",
                            "data_subnets.#": "4",
                            "data_subnets.0": "subnet-047e27909b36249ce",
                            "data_subnets.1": "subnet-0a42f618ecfddf450",
                            "data_subnets.2": "subnet-057b5840c4ce95b57",
                            "data_subnets.3": "subnet-032aafe040133582b",
                            "environment": "default",
                            "id": "2018-10-11 23:07:12.857825235 +0000 UTC",
                            "web_sg.#": "1",
                            "web_sg.0": "sg-0c0065b4bae58bd16",
                            "web_subnet_ips.#": "4",
                            "web_subnet_ips.0": "10.10.1.0/24",
                            "web_subnet_ips.1": "10.10.2.0/24",
                            "web_subnet_ips.2": "10.10.3.0/24",
                            "web_subnet_ips.3": "10.10.4.0/24",
                            "web_subnets.#": "4",
                            "web_subnets.0": "subnet-0efcc30f0510bb911",
                            "web_subnets.1": "subnet-0ca41da49a836f7b7",
                            "web_subnets.2": "subnet-0dc31ec8293ce3580",
                            "web_subnets.3": "subnet-072ab09f95c9779a9",
                            "workspace": "default"
                        },
                        "meta": {},
                        "tainted": false
                    },
                    "deposed": [],
                    "provider": "provider.terraform"
                }
            },
            "depends_on": []
        },
        {
            "path": [
                "root",
                "elasticache-redis"
            ],
            "outputs": {},
            "resources": {
                "aws_elasticache_replication_group.this": {
                    "type": "aws_elasticache_replication_group",
                    "depends_on": [
                        "aws_elasticache_subnet_group.this",
                        "random_id.random"
                    ],
                    "primary": {
                        "id": "redis-cache-dev-5278",
                        "attributes": {
                            "at_rest_encryption_enabled": "true",
                            "auth_token": "P0pc0rn123P0pc0rn123",
                            "auto_minor_version_upgrade": "true",
                            "automatic_failover_enabled": "false",
                            "cluster_mode.#": "0",
                            "engine": "redis",
                            "engine_version": "4.0.10",
                            "id": "redis-cache-dev-5278",
                            "maintenance_window": "sat:07:30-sat:08:30",
                            "member_clusters.#": "1",
                            "member_clusters.1868076067": "redis-cache-dev-5278-001",
                            "node_type": "cache.t2.micro",
                            "number_cache_clusters": "1",
                            "parameter_group_name": "default.redis4.0",
                            "port": "6379",
                            "primary_endpoint_address": "master.redis-cache-dev-5278.jgowcz.use1.cache.amazonaws.com",
                            "replication_group_description": "Shared Redis Group in dev",
                            "replication_group_id": "redis-cache-dev-5278",
                            "security_group_ids.#": "1",
                            "security_group_ids.3313456301": "sg-0809c44c9eba6a34f",
                            "security_group_names.#": "0",
                            "snapshot_retention_limit": "0",
                            "snapshot_window": "",
                            "subnet_group_name": "redis-subnet-dev-5278",
                            "transit_encryption_enabled": "true"
                        },
                        "meta": {
                            "e2bfb730-ecaa-11e6-8f88-34363bc7c4c0": {
                                "create": 3600000000000,
                                "delete": 2400000000000,
                                "update": 2400000000000
                            },
                            "schema_version": "1"
                        },
                        "tainted": false
                    },
                    "deposed": [],
                    "provider": "provider.aws"
                },
                "aws_elasticache_subnet_group.this": {
                    "type": "aws_elasticache_subnet_group",
                    "depends_on": [
                        "random_id.random"
                    ],
                    "primary": {
                        "id": "redis-subnet-dev-5278",
                        "attributes": {
                            "description": "Managed by Terraform",
                            "id": "redis-subnet-dev-5278",
                            "name": "redis-subnet-dev-5278",
                            "subnet_ids.#": "4",
                            "subnet_ids.2784134432": "subnet-0a42f618ecfddf450",
                            "subnet_ids.3505340959": "subnet-032aafe040133582b",
                            "subnet_ids.3941521392": "subnet-057b5840c4ce95b57",
                            "subnet_ids.4274243559": "subnet-047e27909b36249ce"
                        },
                        "meta": {},
                        "tainted": false
                    },
                    "deposed": [],
                    "provider": "provider.aws"
                },
                "random_id.random": {
                    "type": "random_id",
                    "depends_on": [],
                    "primary": {
                        "id": "Ung",
                        "attributes": {
                            "b64": "Ung",
                            "b64_std": "Ung=",
                            "b64_url": "Ung",
                            "byte_length": "2",
                            "dec": "21112",
                            "hex": "5278",
                            "id": "Ung"
                        },
                        "meta": {},
                        "tainted": false
                    },
                    "deposed": [],
                    "provider": "module.elasticache-redis.provider.random"
                }
            },
            "depends_on": []
        }
    ]
}
