{
    "version": 3,
    "terraform_version": "0.11.8",
    "serial": 2,
    "lineage": "198f9936-ae09-07a5-7e04-4329de7798b3",
    "modules": [
        {
            "path": [
                "root"
            ],
            "outputs": {
                "config_map_aws_auth": {
                    "sensitive": false,
                    "type": "string",
                    "value": "\n\napiVersion: v1\nkind: ConfigMap\nmetadata:\n  name: aws-auth\n  namespace: kube-system\ndata:\n  mapRoles: |\n    - rolearn: arn:aws:iam::900892206871:role/terraform-eks-demo-node\n      username: system:node:{{EC2PrivateDNSName}}\n      groups:\n        - system:bootstrappers\n        - system:nodes\n"
                },
                "kubeconfig": {
                    "sensitive": false,
                    "type": "string",
                    "value": "\n\napiVersion: v1\nclusters:\n- cluster:\n    server: https://D73B0C5777BAA159C49C3D27CD31B40C.sk1.us-east-1.eks.amazonaws.com\n    certificate-authority-data: LS0tLS1CRUdJTiBDRVJUSUZJQ0FURS0tLS0tCk1JSUN5RENDQWJDZ0F3SUJBZ0lCQURBTkJna3Foa2lHOXcwQkFRc0ZBREFWTVJNd0VRWURWUVFERXdwcmRXSmwKY201bGRHVnpNQjRYRFRFNE1USXhNVEl4TVRJek5sb1hEVEk0TVRJd09ESXhNVEl6Tmxvd0ZURVRNQkVHQTFVRQpBeE1LYTNWaVpYSnVaWFJsY3pDQ0FTSXdEUVlKS29aSWh2Y05BUUVCQlFBRGdnRVBBRENDQVFvQ2dnRUJBTkNZCnBxdVVVcFJvUGhiaXlkODBtYlRVcHVXVlJMd01qV1REODVEeHlWeVlEMk5nUXJiVkhUYUptZS9QUjc5eTBSTFIKaXh1d2RzWkpyTlNrK0pTOHFyM2d4REpjWEZxemdZZS9iSjdTMGtvTnRCald4M1lSSzNOUU1VUDllNWtDcWdqcApJTnV2YzhRUWs4OGszWloxZ0ZZOUtYajdZcXowTzM0MUczSWM0aTRaRU9PZU82MFd1Nk1rc0FkT09XY3JQRGR4Ckd0WWRrRUhMRDdoVkRocjNpdkM4cStiMXY4UGFSNWloOUsrelVoTjJFUlhqMnZYRzNIcEpkVHJWUWtqbFJvYnQKOWx5R2llQlJ3aEF6SlRQR3NheGQ2UHZxTnc0cm40bmk2R0Foa2RmSVp3M1UyWHF6bWtzblMwM3I2ZzFwT0xKQwpGcktyTmFxMUhaUGEvcTBwVTJNQ0F3RUFBYU1qTUNFd0RnWURWUjBQQVFIL0JBUURBZ0trTUE4R0ExVWRFd0VCCi93UUZNQU1CQWY4d0RRWUpLb1pJaHZjTkFRRUxCUUFEZ2dFQkFIMW42Q1JiWFhsVWlWNjZWTGphWllCM2VoaEoKaEdGMlYwTkR3S1lTRWRSUy95Wjk3aXJSWWtmNWlPcUdGcDhadm9YaDNQMVV1QmY3VmdJTDB0VURJd2ZvMnRpRwpES29ybk83cCtCMkFQcjFuSC83Z04xaVpQNi9KRG15RUxQTzZ3Y3JOVm9oeFpEYXhYeDFqT3VhRmw3bytOcjFMCjA4eUJCclRaTVFhczFzakxReUVCam5XQStBNTRPUGtzdWdCVXNJck9QRC82VklTRE5zaUtOWmYxRW1UMnkwVkgKWithWk8vUWkwYVJEQmdZOEU2SXEreEIvQjl1UXRTYlpEVWYvcDJxV1BKbllsRkQ1UnFJNk5QVDc4bVJSSXM1UQpOY0E4bml1WEM3SGttNDc4UW9EL0prbTE5TlM4SW9lL045alczMVhiZ01BZlB0bHNqQXYrMEtVUmtlYz0KLS0tLS1FTkQgQ0VSVElGSUNBVEUtLS0tLQo=\n  name: kubernetes\ncontexts:\n- context:\n    cluster: kubernetes\n    user: aws\n  name: aws\ncurrent-context: aws\nkind: Config\npreferences: {}\nusers:\n- name: aws\n  user:\n    exec:\n      apiVersion: client.authentication.k8s.io/v1alpha1\n      command: aws-iam-authenticator\n      args:\n        - \"token\"\n        - \"-i\"\n        - \"terraform-eks-demo\"\n"
                }
            },
            "resources": {
                "aws_autoscaling_group.demo": {
                    "type": "aws_autoscaling_group",
                    "depends_on": [
                        "aws_launch_configuration.demo",
                        "aws_subnet.demo.*"
                    ],
                    "primary": {
                        "id": "terraform-eks-demo",
                        "attributes": {
                            "arn": "arn:aws:autoscaling:us-east-1:900892206871:autoScalingGroup:dc974357-b736-4177-90ff-f35b7983e2b9:autoScalingGroupName/terraform-eks-demo",
                            "availability_zones.#": "2",
                            "availability_zones.1305112097": "us-east-1b",
                            "availability_zones.3569565595": "us-east-1a",
                            "default_cooldown": "300",
                            "desired_capacity": "2",
                            "enabled_metrics.#": "0",
                            "force_delete": "false",
                            "health_check_grace_period": "300",
                            "health_check_type": "EC2",
                            "id": "terraform-eks-demo",
                            "launch_configuration": "terraform-eks-demo20181211211453168900000006",
                            "launch_template.#": "0",
                            "load_balancers.#": "0",
                            "max_size": "2",
                            "metrics_granularity": "1Minute",
                            "min_size": "1",
                            "mixed_instances_policy.#": "0",
                            "name": "terraform-eks-demo",
                            "placement_group": "",
                            "protect_from_scale_in": "false",
                            "service_linked_role_arn": "arn:aws:iam::900892206871:role/aws-service-role/autoscaling.amazonaws.com/AWSServiceRoleForAutoScaling",
                            "suspended_processes.#": "0",
                            "tag.#": "2",
                            "tag.3381877819.key": "kubernetes.io/cluster/terraform-eks-demo",
                            "tag.3381877819.propagate_at_launch": "true",
                            "tag.3381877819.value": "owned",
                            "tag.4079220990.key": "Name",
                            "tag.4079220990.propagate_at_launch": "true",
                            "tag.4079220990.value": "terraform-eks-demo",
                            "target_group_arns.#": "0",
                            "termination_policies.#": "0",
                            "vpc_zone_identifier.#": "2",
                            "vpc_zone_identifier.1192230823": "subnet-0bb3b01e9c731a1b4",
                            "vpc_zone_identifier.267375817": "subnet-026374f22d7dbaf03",
                            "wait_for_capacity_timeout": "10m"
                        },
                        "meta": {
                            "e2bfb730-ecaa-11e6-8f88-34363bc7c4c0": {
                                "delete": 600000000000
                            }
                        },
                        "tainted": false
                    },
                    "deposed": [],
                    "provider": "provider.aws"
                },
                "aws_eks_cluster.demo": {
                    "type": "aws_eks_cluster",
                    "depends_on": [
                        "aws_iam_role.demo-cluster",
                        "aws_iam_role_policy_attachment.demo-cluster-AmazonEKSClusterPolicy",
                        "aws_iam_role_policy_attachment.demo-cluster-AmazonEKSServicePolicy",
                        "aws_security_group.demo-cluster",
                        "aws_subnet.demo.*"
                    ],
                    "primary": {
                        "id": "terraform-eks-demo",
                        "attributes": {
                            "arn": "arn:aws:eks:us-east-1:900892206871:cluster/terraform-eks-demo",
                            "certificate_authority.#": "1",
                            "certificate_authority.0.data": "LS0tLS1CRUdJTiBDRVJUSUZJQ0FURS0tLS0tCk1JSUN5RENDQWJDZ0F3SUJBZ0lCQURBTkJna3Foa2lHOXcwQkFRc0ZBREFWTVJNd0VRWURWUVFERXdwcmRXSmwKY201bGRHVnpNQjRYRFRFNE1USXhNVEl4TVRJek5sb1hEVEk0TVRJd09ESXhNVEl6Tmxvd0ZURVRNQkVHQTFVRQpBeE1LYTNWaVpYSnVaWFJsY3pDQ0FTSXdEUVlKS29aSWh2Y05BUUVCQlFBRGdnRVBBRENDQVFvQ2dnRUJBTkNZCnBxdVVVcFJvUGhiaXlkODBtYlRVcHVXVlJMd01qV1REODVEeHlWeVlEMk5nUXJiVkhUYUptZS9QUjc5eTBSTFIKaXh1d2RzWkpyTlNrK0pTOHFyM2d4REpjWEZxemdZZS9iSjdTMGtvTnRCald4M1lSSzNOUU1VUDllNWtDcWdqcApJTnV2YzhRUWs4OGszWloxZ0ZZOUtYajdZcXowTzM0MUczSWM0aTRaRU9PZU82MFd1Nk1rc0FkT09XY3JQRGR4Ckd0WWRrRUhMRDdoVkRocjNpdkM4cStiMXY4UGFSNWloOUsrelVoTjJFUlhqMnZYRzNIcEpkVHJWUWtqbFJvYnQKOWx5R2llQlJ3aEF6SlRQR3NheGQ2UHZxTnc0cm40bmk2R0Foa2RmSVp3M1UyWHF6bWtzblMwM3I2ZzFwT0xKQwpGcktyTmFxMUhaUGEvcTBwVTJNQ0F3RUFBYU1qTUNFd0RnWURWUjBQQVFIL0JBUURBZ0trTUE4R0ExVWRFd0VCCi93UUZNQU1CQWY4d0RRWUpLb1pJaHZjTkFRRUxCUUFEZ2dFQkFIMW42Q1JiWFhsVWlWNjZWTGphWllCM2VoaEoKaEdGMlYwTkR3S1lTRWRSUy95Wjk3aXJSWWtmNWlPcUdGcDhadm9YaDNQMVV1QmY3VmdJTDB0VURJd2ZvMnRpRwpES29ybk83cCtCMkFQcjFuSC83Z04xaVpQNi9KRG15RUxQTzZ3Y3JOVm9oeFpEYXhYeDFqT3VhRmw3bytOcjFMCjA4eUJCclRaTVFhczFzakxReUVCam5XQStBNTRPUGtzdWdCVXNJck9QRC82VklTRE5zaUtOWmYxRW1UMnkwVkgKWithWk8vUWkwYVJEQmdZOEU2SXEreEIvQjl1UXRTYlpEVWYvcDJxV1BKbllsRkQ1UnFJNk5QVDc4bVJSSXM1UQpOY0E4bml1WEM3SGttNDc4UW9EL0prbTE5TlM4SW9lL045alczMVhiZ01BZlB0bHNqQXYrMEtVUmtlYz0KLS0tLS1FTkQgQ0VSVElGSUNBVEUtLS0tLQo=",
                            "created_at": "2018-12-11 21:04:10 +0000 UTC",
                            "endpoint": "https://D73B0C5777BAA159C49C3D27CD31B40C.sk1.us-east-1.eks.amazonaws.com",
                            "id": "terraform-eks-demo",
                            "name": "terraform-eks-demo",
                            "platform_version": "eks.3",
                            "role_arn": "arn:aws:iam::900892206871:role/terraform-eks-demo-cluster",
                            "version": "1.10",
                            "vpc_config.#": "1",
                            "vpc_config.0.security_group_ids.#": "1",
                            "vpc_config.0.security_group_ids.942572982": "sg-03556c3d653a88051",
                            "vpc_config.0.subnet_ids.#": "2",
                            "vpc_config.0.subnet_ids.2176750441": "subnet-026374f22d7dbaf03",
                            "vpc_config.0.subnet_ids.737951517": "subnet-0bb3b01e9c731a1b4",
                            "vpc_config.0.vpc_id": "vpc-0645f266e28f18785"
                        },
                        "meta": {
                            "e2bfb730-ecaa-11e6-8f88-34363bc7c4c0": {
                                "create": 900000000000,
                                "delete": 900000000000
                            }
                        },
                        "tainted": false
                    },
                    "deposed": [],
                    "provider": "provider.aws"
                },
                "aws_iam_instance_profile.demo-node": {
                    "type": "aws_iam_instance_profile",
                    "depends_on": [
                        "aws_iam_role.demo-node"
                    ],
                    "primary": {
                        "id": "terraform-eks-demo",
                        "attributes": {
                            "arn": "arn:aws:iam::900892206871:instance-profile/terraform-eks-demo",
                            "create_date": "2018-12-11T21:03:57Z",
                            "id": "terraform-eks-demo",
                            "name": "terraform-eks-demo",
                            "path": "/",
                            "role": "terraform-eks-demo-node",
                            "roles.#": "0",
                            "unique_id": "AIPAISXFWOKNGZDZYVOW2"
                        },
                        "meta": {},
                        "tainted": false
                    },
                    "deposed": [],
                    "provider": "provider.aws"
                },
                "aws_iam_role.demo-cluster": {
                    "type": "aws_iam_role",
                    "depends_on": [],
                    "primary": {
                        "id": "terraform-eks-demo-cluster",
                        "attributes": {
                            "arn": "arn:aws:iam::900892206871:role/terraform-eks-demo-cluster",
                            "assume_role_policy": "{\"Version\":\"2012-10-17\",\"Statement\":[{\"Effect\":\"Allow\",\"Principal\":{\"Service\":\"eks.amazonaws.com\"},\"Action\":\"sts:AssumeRole\"}]}",
                            "create_date": "2018-12-11T21:03:52Z",
                            "description": "",
                            "force_detach_policies": "false",
                            "id": "terraform-eks-demo-cluster",
                            "max_session_duration": "3600",
                            "name": "terraform-eks-demo-cluster",
                            "path": "/",
                            "tags.%": "0",
                            "unique_id": "AROAIHV7IGJIIF65TIRUU"
                        },
                        "meta": {},
                        "tainted": false
                    },
                    "deposed": [],
                    "provider": "provider.aws"
                },
                "aws_iam_role.demo-node": {
                    "type": "aws_iam_role",
                    "depends_on": [],
                    "primary": {
                        "id": "terraform-eks-demo-node",
                        "attributes": {
                            "arn": "arn:aws:iam::900892206871:role/terraform-eks-demo-node",
                            "assume_role_policy": "{\"Version\":\"2012-10-17\",\"Statement\":[{\"Effect\":\"Allow\",\"Principal\":{\"Service\":\"ec2.amazonaws.com\"},\"Action\":\"sts:AssumeRole\"}]}",
                            "create_date": "2018-12-11T21:03:52Z",
                            "description": "",
                            "force_detach_policies": "false",
                            "id": "terraform-eks-demo-node",
                            "max_session_duration": "3600",
                            "name": "terraform-eks-demo-node",
                            "path": "/",
                            "tags.%": "0",
                            "unique_id": "AROAIJNVC6NRRR3BQFJAI"
                        },
                        "meta": {},
                        "tainted": false
                    },
                    "deposed": [],
                    "provider": "provider.aws"
                },
                "aws_iam_role_policy_attachment.demo-cluster-AmazonEKSClusterPolicy": {
                    "type": "aws_iam_role_policy_attachment",
                    "depends_on": [
                        "aws_iam_role.demo-cluster"
                    ],
                    "primary": {
                        "id": "terraform-eks-demo-cluster-20181211210357373600000004",
                        "attributes": {
                            "id": "terraform-eks-demo-cluster-20181211210357373600000004",
                            "policy_arn": "arn:aws:iam::aws:policy/AmazonEKSClusterPolicy",
                            "role": "terraform-eks-demo-cluster"
                        },
                        "meta": {},
                        "tainted": false
                    },
                    "deposed": [],
                    "provider": "provider.aws"
                },
                "aws_iam_role_policy_attachment.demo-cluster-AmazonEKSServicePolicy": {
                    "type": "aws_iam_role_policy_attachment",
                    "depends_on": [
                        "aws_iam_role.demo-cluster"
                    ],
                    "primary": {
                        "id": "terraform-eks-demo-cluster-20181211210357089100000002",
                        "attributes": {
                            "id": "terraform-eks-demo-cluster-20181211210357089100000002",
                            "policy_arn": "arn:aws:iam::aws:policy/AmazonEKSServicePolicy",
                            "role": "terraform-eks-demo-cluster"
                        },
                        "meta": {},
                        "tainted": false
                    },
                    "deposed": [],
                    "provider": "provider.aws"
                },
                "aws_iam_role_policy_attachment.demo-node-AmazonEC2ContainerRegistryReadOnly": {
                    "type": "aws_iam_role_policy_attachment",
                    "depends_on": [
                        "aws_iam_role.demo-node"
                    ],
                    "primary": {
                        "id": "terraform-eks-demo-node-20181211210357533500000005",
                        "attributes": {
                            "id": "terraform-eks-demo-node-20181211210357533500000005",
                            "policy_arn": "arn:aws:iam::aws:policy/AmazonEC2ContainerRegistryReadOnly",
                            "role": "terraform-eks-demo-node"
                        },
                        "meta": {},
                        "tainted": false
                    },
                    "deposed": [],
                    "provider": "provider.aws"
                },
                "aws_iam_role_policy_attachment.demo-node-AmazonEKSWorkerNodePolicy": {
                    "type": "aws_iam_role_policy_attachment",
                    "depends_on": [
                        "aws_iam_role.demo-node"
                    ],
                    "primary": {
                        "id": "terraform-eks-demo-node-20181211210357080100000001",
                        "attributes": {
                            "id": "terraform-eks-demo-node-20181211210357080100000001",
                            "policy_arn": "arn:aws:iam::aws:policy/AmazonEKSWorkerNodePolicy",
                            "role": "terraform-eks-demo-node"
                        },
                        "meta": {},
                        "tainted": false
                    },
                    "deposed": [],
                    "provider": "provider.aws"
                },
                "aws_iam_role_policy_attachment.demo-node-AmazonEKS_CNI_Policy": {
                    "type": "aws_iam_role_policy_attachment",
                    "depends_on": [
                        "aws_iam_role.demo-node"
                    ],
                    "primary": {
                        "id": "terraform-eks-demo-node-20181211210357158400000003",
                        "attributes": {
                            "id": "terraform-eks-demo-node-20181211210357158400000003",
                            "policy_arn": "arn:aws:iam::aws:policy/AmazonEKS_CNI_Policy",
                            "role": "terraform-eks-demo-node"
                        },
                        "meta": {},
                        "tainted": false
                    },
                    "deposed": [],
                    "provider": "provider.aws"
                },
                "aws_internet_gateway.demo": {
                    "type": "aws_internet_gateway",
                    "depends_on": [
                        "aws_vpc.demo"
                    ],
                    "primary": {
                        "id": "igw-0b66ff5f86bf01ffb",
                        "attributes": {
                            "id": "igw-0b66ff5f86bf01ffb",
                            "owner_id": "900892206871",
                            "tags.%": "1",
                            "tags.Name": "terraform-eks-demo",
                            "vpc_id": "vpc-0645f266e28f18785"
                        },
                        "meta": {},
                        "tainted": false
                    },
                    "deposed": [],
                    "provider": "provider.aws"
                },
                "aws_launch_configuration.demo": {
                    "type": "aws_launch_configuration",
                    "depends_on": [
                        "aws_iam_instance_profile.demo-node",
                        "aws_security_group.demo-node",
                        "data.aws_ami.eks-worker",
                        "local.demo-node-userdata"
                    ],
                    "primary": {
                        "id": "terraform-eks-demo20181211211453168900000006",
                        "attributes": {
                            "associate_public_ip_address": "true",
                            "ebs_block_device.#": "0",
                            "ebs_optimized": "false",
                            "enable_monitoring": "true",
                            "ephemeral_block_device.#": "0",
                            "iam_instance_profile": "terraform-eks-demo",
                            "id": "terraform-eks-demo20181211211453168900000006",
                            "image_id": "ami-0a0b913ef3249b655",
                            "instance_type": "m4.large",
                            "key_name": "",
                            "name": "terraform-eks-demo20181211211453168900000006",
                            "name_prefix": "terraform-eks-demo",
                            "root_block_device.#": "0",
                            "security_groups.#": "1",
                            "security_groups.494944581": "sg-08228663dcbb3a5ec",
                            "spot_price": "",
                            "user_data_base64": "IyEvYmluL2Jhc2gKc2V0IC1vIHh0cmFjZQovZXRjL2Vrcy9ib290c3RyYXAuc2ggLS1hcGlzZXJ2ZXItZW5kcG9pbnQgJ2h0dHBzOi8vRDczQjBDNTc3N0JBQTE1OUM0OUMzRDI3Q0QzMUI0MEMuc2sxLnVzLWVhc3QtMS5la3MuYW1hem9uYXdzLmNvbScgLS1iNjQtY2x1c3Rlci1jYSAnTFMwdExTMUNSVWRKVGlCRFJWSlVTVVpKUTBGVVJTMHRMUzB0Q2sxSlNVTjVSRU5EUVdKRFowRjNTVUpCWjBsQ1FVUkJUa0puYTNGb2EybEhPWGN3UWtGUmMwWkJSRUZXVFZKTmQwVlJXVVJXVVZGRVJYZHdjbVJYU213S1kyMDFiR1JIVm5wTlFqUllSRlJGTkUxVVNYaE5WRWw0VFZSSmVrNXNiMWhFVkVrMFRWUkpkMDlFU1hoTlZFbDZUbXh2ZDBaVVJWUk5Ra1ZIUVRGVlJRcEJlRTFMWVROV2FWcFlTblZhV0ZKc1kzcERRMEZUU1hkRVVWbEtTMjlhU1doMlkwNUJVVVZDUWxGQlJHZG5SVkJCUkVORFFWRnZRMmRuUlVKQlRrTlpDbkJ4ZFZWVmNGSnZVR2hpYVhsa09EQnRZbFJWY0hWWFZsSk1kMDFxVjFSRU9EVkVlSGxXZVZsRU1rNW5VWEppVmtoVVlVcHRaUzlRVWpjNWVUQlNURklLYVhoMWQyUnpXa3B5VGxOckswcFRPSEZ5TTJkNFJFcGpXRVp4ZW1kWlpTOWlTamRUTUd0dlRuUkNhbGQ0TTFsU1N6Tk9VVTFWVURsbE5XdERjV2RxY0FwSlRuVjJZemhSVVdzNE9Hc3pXbG94WjBaWk9VdFlhamRaY1hvd1R6TTBNVWN6U1dNMGFUUmFSVTlQWlU4Mk1GZDFOazFyYzBGa1QwOVhZM0pRUkdSNENrZDBXV1JyUlVoTVJEZG9Wa1JvY2pOcGRrTTRjU3RpTVhZNFVHRlNOV2xvT1VzcmVsVm9UakpGVWxocU1uWllSek5JY0Vwa1ZISldVV3RxYkZKdlluUUtPV3g1UjJsbFFsSjNhRUY2U2xSUVIzTmhlR1EyVUhaeFRuYzBjbTQwYm1rMlIwRm9hMlJtU1ZwM00xVXlXSEY2Yld0emJsTXdNM0kyWnpGd1QweEtRd3BHY2t0eVRtRnhNVWhhVUdFdmNUQndWVEpOUTBGM1JVRkJZVTFxVFVORmQwUm5XVVJXVWpCUVFWRklMMEpCVVVSQlowdHJUVUU0UjBFeFZXUkZkMFZDQ2k5M1VVWk5RVTFDUVdZNGQwUlJXVXBMYjFwSmFIWmpUa0ZSUlV4Q1VVRkVaMmRGUWtGSU1XNDJRMUppV0Zoc1ZXbFdOalpXVEdwaFdsbENNMlZvYUVvS2FFZEdNbFl3VGtSM1MxbFRSV1JTVXk5NVdqazNhWEpTV1d0bU5XbFBjVWRHY0RoYWRtOVlhRE5RTVZWMVFtWTNWbWRKVERCMFZVUkpkMlp2TW5ScFJ3cEVTMjl5Yms4M2NDdENNa0ZRY2pGdVNDODNaMDR4YVZwUU5pOUtSRzE1UlV4UVR6WjNZM0pPVm05b2VGcEVZWGhZZURGcVQzVmhSbXczYnl0T2NqRk1DakE0ZVVKQ2NsUmFUVkZoY3pGemFreFJlVVZDYW01WFFTdEJOVFJQVUd0emRXZENWWE5KY2s5UVJDODJWa2xUUkU1emFVdE9XbVl4UlcxVU1ua3dWa2dLV2l0aFdrOHZVV2t3WVZKRVFtZFpPRVUyU1hFcmVFSXZRamwxVVhSVFlscEVWV1l2Y0RKeFYxQktibGxzUmtRMVVuRkpOazVRVkRjNGJWSlNTWE0xVVFwT1kwRTRibWwxV0VNM1NHdHRORGM0VVc5RUwwcHJiVEU1VGxNNFNXOWxMMDQ1YWxjek1WaGlaMDFCWmxCMGJITnFRWFlyTUV0VlVtdGxZejBLTFMwdExTMUZUa1FnUTBWU1ZFbEdTVU5CVkVVdExTMHRMUW89JyAndGVycmFmb3JtLWVrcy1kZW1vJwo=",
                            "vpc_classic_link_id": "",
                            "vpc_classic_link_security_groups.#": "0"
                        },
                        "meta": {},
                        "tainted": false
                    },
                    "deposed": [],
                    "provider": "provider.aws"
                },
                "aws_route_table.demo": {
                    "type": "aws_route_table",
                    "depends_on": [
                        "aws_internet_gateway.demo",
                        "aws_vpc.demo"
                    ],
                    "primary": {
                        "id": "rtb-0484a4ad38dcad6ef",
                        "attributes": {
                            "id": "rtb-0484a4ad38dcad6ef",
                            "owner_id": "900892206871",
                            "propagating_vgws.#": "0",
                            "route.#": "1",
                            "route.2469622930.cidr_block": "0.0.0.0/0",
                            "route.2469622930.egress_only_gateway_id": "",
                            "route.2469622930.gateway_id": "igw-0b66ff5f86bf01ffb",
                            "route.2469622930.instance_id": "",
                            "route.2469622930.ipv6_cidr_block": "",
                            "route.2469622930.nat_gateway_id": "",
                            "route.2469622930.network_interface_id": "",
                            "route.2469622930.transit_gateway_id": "",
                            "route.2469622930.vpc_peering_connection_id": "",
                            "tags.%": "0",
                            "vpc_id": "vpc-0645f266e28f18785"
                        },
                        "meta": {},
                        "tainted": false
                    },
                    "deposed": [],
                    "provider": "provider.aws"
                },
                "aws_route_table_association.demo.0": {
                    "type": "aws_route_table_association",
                    "depends_on": [
                        "aws_route_table.demo",
                        "aws_subnet.demo.*"
                    ],
                    "primary": {
                        "id": "rtbassoc-085c87d530f000bb0",
                        "attributes": {
                            "id": "rtbassoc-085c87d530f000bb0",
                            "route_table_id": "rtb-0484a4ad38dcad6ef",
                            "subnet_id": "subnet-026374f22d7dbaf03"
                        },
                        "meta": {},
                        "tainted": false
                    },
                    "deposed": [],
                    "provider": "provider.aws"
                },
                "aws_route_table_association.demo.1": {
                    "type": "aws_route_table_association",
                    "depends_on": [
                        "aws_route_table.demo",
                        "aws_subnet.demo.*"
                    ],
                    "primary": {
                        "id": "rtbassoc-0811af1571679bed0",
                        "attributes": {
                            "id": "rtbassoc-0811af1571679bed0",
                            "route_table_id": "rtb-0484a4ad38dcad6ef",
                            "subnet_id": "subnet-0bb3b01e9c731a1b4"
                        },
                        "meta": {},
                        "tainted": false
                    },
                    "deposed": [],
                    "provider": "provider.aws"
                },
                "aws_security_group.demo-cluster": {
                    "type": "aws_security_group",
                    "depends_on": [
                        "aws_vpc.demo"
                    ],
                    "primary": {
                        "id": "sg-03556c3d653a88051",
                        "attributes": {
                            "arn": "arn:aws:ec2:us-east-1:900892206871:security-group/sg-03556c3d653a88051",
                            "description": "Cluster communication with worker nodes",
                            "egress.#": "1",
                            "egress.482069346.cidr_blocks.#": "1",
                            "egress.482069346.cidr_blocks.0": "0.0.0.0/0",
                            "egress.482069346.description": "",
                            "egress.482069346.from_port": "0",
                            "egress.482069346.ipv6_cidr_blocks.#": "0",
                            "egress.482069346.prefix_list_ids.#": "0",
                            "egress.482069346.protocol": "-1",
                            "egress.482069346.security_groups.#": "0",
                            "egress.482069346.self": "false",
                            "egress.482069346.to_port": "0",
                            "id": "sg-03556c3d653a88051",
                            "ingress.#": "0",
                            "name": "terraform-eks-demo-cluster",
                            "owner_id": "900892206871",
                            "revoke_rules_on_delete": "false",
                            "tags.%": "1",
                            "tags.Name": "terraform-eks-demo",
                            "vpc_id": "vpc-0645f266e28f18785"
                        },
                        "meta": {
                            "e2bfb730-ecaa-11e6-8f88-34363bc7c4c0": {
                                "create": 600000000000,
                                "delete": 600000000000
                            },
                            "schema_version": "1"
                        },
                        "tainted": false
                    },
                    "deposed": [],
                    "provider": "provider.aws"
                },
                "aws_security_group.demo-node": {
                    "type": "aws_security_group",
                    "depends_on": [
                        "aws_vpc.demo"
                    ],
                    "primary": {
                        "id": "sg-08228663dcbb3a5ec",
                        "attributes": {
                            "arn": "arn:aws:ec2:us-east-1:900892206871:security-group/sg-08228663dcbb3a5ec",
                            "description": "Security group for all nodes in the cluster",
                            "egress.#": "1",
                            "egress.482069346.cidr_blocks.#": "1",
                            "egress.482069346.cidr_blocks.0": "0.0.0.0/0",
                            "egress.482069346.description": "",
                            "egress.482069346.from_port": "0",
                            "egress.482069346.ipv6_cidr_blocks.#": "0",
                            "egress.482069346.prefix_list_ids.#": "0",
                            "egress.482069346.protocol": "-1",
                            "egress.482069346.security_groups.#": "0",
                            "egress.482069346.self": "false",
                            "egress.482069346.to_port": "0",
                            "id": "sg-08228663dcbb3a5ec",
                            "ingress.#": "0",
                            "name": "terraform-eks-demo-node",
                            "owner_id": "900892206871",
                            "revoke_rules_on_delete": "false",
                            "tags.%": "2",
                            "tags.Name": "terraform-eks-demo-node",
                            "tags.kubernetes.io/cluster/terraform-eks-demo": "owned",
                            "vpc_id": "vpc-0645f266e28f18785"
                        },
                        "meta": {
                            "e2bfb730-ecaa-11e6-8f88-34363bc7c4c0": {
                                "create": 600000000000,
                                "delete": 600000000000
                            },
                            "schema_version": "1"
                        },
                        "tainted": false
                    },
                    "deposed": [],
                    "provider": "provider.aws"
                },
                "aws_security_group_rule.demo-cluster-ingress-node-https": {
                    "type": "aws_security_group_rule",
                    "depends_on": [
                        "aws_security_group.demo-cluster",
                        "aws_security_group.demo-node"
                    ],
                    "primary": {
                        "id": "sgrule-1992464358",
                        "attributes": {
                            "description": "Allow pods to communicate with the cluster API Server",
                            "from_port": "443",
                            "id": "sgrule-1992464358",
                            "protocol": "tcp",
                            "security_group_id": "sg-03556c3d653a88051",
                            "self": "false",
                            "source_security_group_id": "sg-08228663dcbb3a5ec",
                            "to_port": "443",
                            "type": "ingress"
                        },
                        "meta": {
                            "schema_version": "2"
                        },
                        "tainted": false
                    },
                    "deposed": [],
                    "provider": "provider.aws"
                },
                "aws_security_group_rule.demo-cluster-ingress-workstation-https": {
                    "type": "aws_security_group_rule",
                    "depends_on": [
                        "aws_security_group.demo-cluster"
                    ],
                    "primary": {
                        "id": "sgrule-2143598310",
                        "attributes": {
                            "cidr_blocks.#": "1",
                            "cidr_blocks.0": "0.0.0.0/0",
                            "description": "Allow workstation to communicate with the cluster API Server",
                            "from_port": "443",
                            "id": "sgrule-2143598310",
                            "protocol": "tcp",
                            "security_group_id": "sg-03556c3d653a88051",
                            "self": "false",
                            "to_port": "443",
                            "type": "ingress"
                        },
                        "meta": {
                            "schema_version": "2"
                        },
                        "tainted": false
                    },
                    "deposed": [],
                    "provider": "provider.aws"
                },
                "aws_security_group_rule.demo-node-ingress-cluster": {
                    "type": "aws_security_group_rule",
                    "depends_on": [
                        "aws_security_group.demo-cluster",
                        "aws_security_group.demo-node"
                    ],
                    "primary": {
                        "id": "sgrule-74013106",
                        "attributes": {
                            "description": "Allow worker Kubelets and pods to receive communication from the cluster control plane",
                            "from_port": "1025",
                            "id": "sgrule-74013106",
                            "protocol": "tcp",
                            "security_group_id": "sg-08228663dcbb3a5ec",
                            "self": "false",
                            "source_security_group_id": "sg-03556c3d653a88051",
                            "to_port": "65535",
                            "type": "ingress"
                        },
                        "meta": {
                            "schema_version": "2"
                        },
                        "tainted": false
                    },
                    "deposed": [],
                    "provider": "provider.aws"
                },
                "aws_security_group_rule.demo-node-ingress-self": {
                    "type": "aws_security_group_rule",
                    "depends_on": [
                        "aws_security_group.demo-node"
                    ],
                    "primary": {
                        "id": "sgrule-2651263832",
                        "attributes": {
                            "description": "Allow node to communicate with each other",
                            "from_port": "0",
                            "id": "sgrule-2651263832",
                            "protocol": "-1",
                            "security_group_id": "sg-08228663dcbb3a5ec",
                            "self": "false",
                            "source_security_group_id": "sg-08228663dcbb3a5ec",
                            "to_port": "65535",
                            "type": "ingress"
                        },
                        "meta": {
                            "schema_version": "2"
                        },
                        "tainted": false
                    },
                    "deposed": [],
                    "provider": "provider.aws"
                },
                "aws_subnet.demo.0": {
                    "type": "aws_subnet",
                    "depends_on": [
                        "aws_vpc.demo",
                        "data.aws_availability_zones.available"
                    ],
                    "primary": {
                        "id": "subnet-026374f22d7dbaf03",
                        "attributes": {
                            "arn": "arn:aws:ec2:us-east-1:900892206871:subnet/subnet-026374f22d7dbaf03",
                            "assign_ipv6_address_on_creation": "false",
                            "availability_zone": "us-east-1a",
                            "availability_zone_id": "use1-az6",
                            "cidr_block": "10.0.0.0/24",
                            "id": "subnet-026374f22d7dbaf03",
                            "ipv6_cidr_block": "",
                            "ipv6_cidr_block_association_id": "",
                            "map_public_ip_on_launch": "false",
                            "owner_id": "900892206871",
                            "tags.%": "2",
                            "tags.Name": "terraform-eks-demo-node",
                            "tags.kubernetes.io/cluster/terraform-eks-demo": "shared",
                            "vpc_id": "vpc-0645f266e28f18785"
                        },
                        "meta": {
                            "e2bfb730-ecaa-11e6-8f88-34363bc7c4c0": {
                                "create": 600000000000,
                                "delete": 600000000000
                            },
                            "schema_version": "1"
                        },
                        "tainted": false
                    },
                    "deposed": [],
                    "provider": "provider.aws"
                },
                "aws_subnet.demo.1": {
                    "type": "aws_subnet",
                    "depends_on": [
                        "aws_vpc.demo",
                        "data.aws_availability_zones.available"
                    ],
                    "primary": {
                        "id": "subnet-0bb3b01e9c731a1b4",
                        "attributes": {
                            "arn": "arn:aws:ec2:us-east-1:900892206871:subnet/subnet-0bb3b01e9c731a1b4",
                            "assign_ipv6_address_on_creation": "false",
                            "availability_zone": "us-east-1b",
                            "availability_zone_id": "use1-az1",
                            "cidr_block": "10.0.1.0/24",
                            "id": "subnet-0bb3b01e9c731a1b4",
                            "ipv6_cidr_block": "",
                            "ipv6_cidr_block_association_id": "",
                            "map_public_ip_on_launch": "false",
                            "owner_id": "900892206871",
                            "tags.%": "2",
                            "tags.Name": "terraform-eks-demo-node",
                            "tags.kubernetes.io/cluster/terraform-eks-demo": "shared",
                            "vpc_id": "vpc-0645f266e28f18785"
                        },
                        "meta": {
                            "e2bfb730-ecaa-11e6-8f88-34363bc7c4c0": {
                                "create": 600000000000,
                                "delete": 600000000000
                            },
                            "schema_version": "1"
                        },
                        "tainted": false
                    },
                    "deposed": [],
                    "provider": "provider.aws"
                },
                "aws_vpc.demo": {
                    "type": "aws_vpc",
                    "depends_on": [],
                    "primary": {
                        "id": "vpc-0645f266e28f18785",
                        "attributes": {
                            "arn": "arn:aws:ec2:us-east-1:900892206871:vpc/vpc-0645f266e28f18785",
                            "assign_generated_ipv6_cidr_block": "false",
                            "cidr_block": "10.0.0.0/16",
                            "default_network_acl_id": "acl-00ff15f16b8f0726f",
                            "default_route_table_id": "rtb-0aaf1e24393bb79a1",
                            "default_security_group_id": "sg-0d67b9cebb1ca138b",
                            "dhcp_options_id": "dopt-aac533d3",
                            "enable_classiclink": "false",
                            "enable_classiclink_dns_support": "false",
                            "enable_dns_hostnames": "false",
                            "enable_dns_support": "true",
                            "id": "vpc-0645f266e28f18785",
                            "instance_tenancy": "default",
                            "ipv6_association_id": "",
                            "ipv6_cidr_block": "",
                            "main_route_table_id": "rtb-0aaf1e24393bb79a1",
                            "owner_id": "900892206871",
                            "tags.%": "2",
                            "tags.Name": "terraform-eks-demo-node",
                            "tags.kubernetes.io/cluster/terraform-eks-demo": "shared"
                        },
                        "meta": {
                            "schema_version": "1"
                        },
                        "tainted": false
                    },
                    "deposed": [],
                    "provider": "provider.aws"
                },
                "data.aws_ami.eks-worker": {
                    "type": "aws_ami",
                    "depends_on": [],
                    "primary": {
                        "id": "ami-0a0b913ef3249b655",
                        "attributes": {
                            "architecture": "x86_64",
                            "block_device_mappings.#": "1",
                            "block_device_mappings.3798922657.device_name": "/dev/xvda",
                            "block_device_mappings.3798922657.ebs.%": "6",
                            "block_device_mappings.3798922657.ebs.delete_on_termination": "true",
                            "block_device_mappings.3798922657.ebs.encrypted": "false",
                            "block_device_mappings.3798922657.ebs.iops": "0",
                            "block_device_mappings.3798922657.ebs.snapshot_id": "snap-057d422c87a9a0c55",
                            "block_device_mappings.3798922657.ebs.volume_size": "20",
                            "block_device_mappings.3798922657.ebs.volume_type": "gp2",
                            "block_device_mappings.3798922657.no_device": "",
                            "block_device_mappings.3798922657.virtual_name": "",
                            "creation_date": "2018-10-23T20:50:35.000Z",
                            "description": "EKS Kubernetes Worker AMI with AmazonLinux2 image",
                            "filter.#": "1",
                            "filter.249857641.name": "name",
                            "filter.249857641.values.#": "1",
                            "filter.249857641.values.0": "amazon-eks-node-v*",
                            "hypervisor": "xen",
                            "id": "ami-0a0b913ef3249b655",
                            "image_id": "ami-0a0b913ef3249b655",
                            "image_location": "602401143452/amazon-eks-node-v25",
                            "image_type": "machine",
                            "most_recent": "true",
                            "name": "amazon-eks-node-v25",
                            "owner_id": "602401143452",
                            "owners.#": "1",
                            "owners.0": "602401143452",
                            "product_codes.#": "0",
                            "public": "true",
                            "root_device_name": "/dev/xvda",
                            "root_device_type": "ebs",
                            "root_snapshot_id": "snap-057d422c87a9a0c55",
                            "sriov_net_support": "simple",
                            "state": "available",
                            "state_reason.%": "2",
                            "state_reason.code": "UNSET",
                            "state_reason.message": "UNSET",
                            "tags.%": "0",
                            "virtualization_type": "hvm"
                        },
                        "meta": {},
                        "tainted": false
                    },
                    "deposed": [],
                    "provider": "provider.aws"
                },
                "data.aws_availability_zones.available": {
                    "type": "aws_availability_zones",
                    "depends_on": [],
                    "primary": {
                        "id": "2018-12-11 21:03:41.607679705 +0000 UTC",
                        "attributes": {
                            "id": "2018-12-11 21:03:41.607679705 +0000 UTC",
                            "names.#": "6",
                            "names.0": "us-east-1a",
                            "names.1": "us-east-1b",
                            "names.2": "us-east-1c",
                            "names.3": "us-east-1d",
                            "names.4": "us-east-1e",
                            "names.5": "us-east-1f",
                            "zone_ids.#": "6",
                            "zone_ids.0": "use1-az6",
                            "zone_ids.1": "use1-az1",
                            "zone_ids.2": "use1-az2",
                            "zone_ids.3": "use1-az4",
                            "zone_ids.4": "use1-az3",
                            "zone_ids.5": "use1-az5"
                        },
                        "meta": {},
                        "tainted": false
                    },
                    "deposed": [],
                    "provider": "provider.aws"
                },
                "data.aws_region.current": {
                    "type": "aws_region",
                    "depends_on": [],
                    "primary": {
                        "id": "us-east-1",
                        "attributes": {
                            "current": "true",
                            "description": "US East (N. Virginia)",
                            "endpoint": "ec2.us-east-1.amazonaws.com",
                            "id": "us-east-1",
                            "name": "us-east-1"
                        },
                        "meta": {},
                        "tainted": false
                    },
                    "deposed": [],
                    "provider": "provider.aws"
                }
            },
            "depends_on": []
        }
    ]
}
